
Microsoft Visual Studio Solution File, Format Version 12.00
# Visual Studio Version 16
VisualStudioVersion = 16.0.30517.126
MinimumVisualStudioVersion = 10.0.40219.1
Project("{FAE04EC0-301F-11D3-BF4B-00C04F79EFBC}") = "QLThuVienHHTAPI", "QLThuVienHHTAPI.csproj", "{F38D1BCB-B28B-410F-B30E-1CFA80A1DA79}"
EndProject
Global
	GlobalSection(SolutionConfigurationPlatforms) = preSolution
		Debug|Any CPU = Debug|Any CPU
		Release|Any CPU = Release|Any CPU
	EndGlobalSection
	GlobalSection(ProjectConfigurationPlatforms) = postSolution
		{F38D1BCB-B28B-410F-B30E-1CFA80A1DA79}.Debug|Any CPU.ActiveCfg = Debug|Any CPU
		{F38D1BCB-B28B-410F-B30E-1CFA80A1DA79}.Debug|Any CPU.Build.0 = Debug|Any CPU
		{F38D1BCB-B28B-410F-B30E-1CFA80A1DA79}.Release|Any CPU.ActiveCfg = Release|Any CPU
		{F38D1BCB-B28B-410F-B30E-1CFA80A1DA79}.Release|Any CPU.Build.0 = Release|Any CPU
	EndGlobalSection
	GlobalSection(SolutionProperties) = preSolution
		HideSolutionNode = FALSE
	EndGlobalSection
	GlobalSection(ExtensibilityGlobals) = postSolution
		SolutionGuid = {68AB2CCB-1943-4EAF-843E-4DE72D6F53F7}
	EndGlobalSection
EndGlobal
